
Microsoft Visual Studio Solution File, Format Version 12.00
# Visual Studio 15
VisualStudioVersion = 15.0.28010.2019
MinimumVisualStudioVersion = 10.0.40219.1
Project("{FAE04EC0-301F-11D3-BF4B-00C04F79EFBC}") = "Order", "Order\Order.csproj", "{C1C0FEED-40AB-47EE-A1DA-89F7238BA2C0}"
EndProject
Project("{FAE04EC0-301F-11D3-BF4B-00C04F79EFBC}") = "CayleyTree", "CayleyTree\CayleyTree.csproj", "{0FB6E40D-4194-4360-851F-5FEA4E48018B}"
EndProject
Global
	GlobalSection(SolutionConfigurationPlatforms) = preSolution
		Debug|Any CPU = Debug|Any CPU
		Release|Any CPU = Release|Any CPU
	EndGlobalSection
	GlobalSection(ProjectConfigurationPlatforms) = postSolution
		{C1C0FEED-40AB-47EE-A1DA-89F7238BA2C0}.Debug|Any CPU.ActiveCfg = Debug|Any CPU
		{C1C0FEED-40AB-47EE-A1DA-89F7238BA2C0}.Debug|Any CPU.Build.0 = Debug|Any CPU
		{C1C0FEED-40AB-47EE-A1DA-89F7238BA2C0}.Release|Any CPU.ActiveCfg = Release|Any CPU
		{C1C0FEED-40AB-47EE-A1DA-89F7238BA2C0}.Release|Any CPU.Build.0 = Release|Any CPU
		{0FB6E40D-4194-4360-851F-5FEA4E48018B}.Debug|Any CPU.ActiveCfg = Debug|Any CPU
		{0FB6E40D-4194-4360-851F-5FEA4E48018B}.Debug|Any CPU.Build.0 = Debug|Any CPU
		{0FB6E40D-4194-4360-851F-5FEA4E48018B}.Release|Any CPU.ActiveCfg = Release|Any CPU
		{0FB6E40D-4194-4360-851F-5FEA4E48018B}.Release|Any CPU.Build.0 = Release|Any CPU
	EndGlobalSection
	GlobalSection(SolutionProperties) = preSolution
		HideSolutionNode = FALSE
	EndGlobalSection
	GlobalSection(ExtensibilityGlobals) = postSolution
		SolutionGuid = {396EE51A-DD75-4A15-A990-7B08D98C4F7E}
	EndGlobalSection
EndGlobal
