
Microsoft Visual Studio Solution File, Format Version 12.00
# Visual Studio 15
VisualStudioVersion = 15.0.28010.2019
MinimumVisualStudioVersion = 10.0.40219.1
Project("{FAE04EC0-301F-11D3-BF4B-00C04F79EFBC}") = "program4", "program4\program4.csproj", "{1E340828-C3E0-4245-8793-A89683CFE1AE}"
EndProject
Project("{FAE04EC0-301F-11D3-BF4B-00C04F79EFBC}") = "program5", "program5\program5.csproj", "{A505370F-9C80-4365-BE46-36A582329403}"
EndProject
Global
	GlobalSection(SolutionConfigurationPlatforms) = preSolution
		Debug|Any CPU = Debug|Any CPU
		Release|Any CPU = Release|Any CPU
	EndGlobalSection
	GlobalSection(ProjectConfigurationPlatforms) = postSolution
		{1E340828-C3E0-4245-8793-A89683CFE1AE}.Debug|Any CPU.ActiveCfg = Debug|Any CPU
		{1E340828-C3E0-4245-8793-A89683CFE1AE}.Debug|Any CPU.Build.0 = Debug|Any CPU
		{1E340828-C3E0-4245-8793-A89683CFE1AE}.Release|Any CPU.ActiveCfg = Release|Any CPU
		{1E340828-C3E0-4245-8793-A89683CFE1AE}.Release|Any CPU.Build.0 = Release|Any CPU
		{A505370F-9C80-4365-BE46-36A582329403}.Debug|Any CPU.ActiveCfg = Debug|Any CPU
		{A505370F-9C80-4365-BE46-36A582329403}.Debug|Any CPU.Build.0 = Debug|Any CPU
		{A505370F-9C80-4365-BE46-36A582329403}.Release|Any CPU.ActiveCfg = Release|Any CPU
		{A505370F-9C80-4365-BE46-36A582329403}.Release|Any CPU.Build.0 = Release|Any CPU
	EndGlobalSection
	GlobalSection(SolutionProperties) = preSolution
		HideSolutionNode = FALSE
	EndGlobalSection
	GlobalSection(ExtensibilityGlobals) = postSolution
		SolutionGuid = {D540BEE7-11D2-45DC-8362-9A3512D5129F}
	EndGlobalSection
EndGlobal
